
Microsoft Visual Studio Solution File, Format Version 12.00
# Visual Studio 15
VisualStudioVersion = 15.0.27130.2027
MinimumVisualStudioVersion = 10.0.40219.1
Project("{2150E333-8FDC-42A3-9474-1A3956D46DE8}") = "Solution Items", "Solution Items", "{6B9AA9C7-5E90-4D10-9DDE-A2AA5FE3ECA6}"
	ProjectSection(SolutionItems) = preProject
		.gitignore = .gitignore
		.travis.yml = .travis.yml
		appveyor.yml = appveyor.yml
		.circleci\config.yml = .circleci\config.yml
		LICENSE = LICENSE
		mung.cmd = mung.cmd
		README.md = README.md
	EndProjectSection
EndProject
Project("{9A19103F-16F7-4668-BE54-9A1E7A4F7556}") = "Documentation", "doc\Documentation.csproj", "{F3A32EA9-0B2F-46A3-B47A-33B4C04BD423}"
EndProject
Project("{9A19103F-16F7-4668-BE54-9A1E7A4F7556}") = "IpfsEngine", "src\IpfsEngine.csproj", "{F3C81C57-C283-4E07-B765-DEABCFB22136}"
EndProject
Project("{9A19103F-16F7-4668-BE54-9A1E7A4F7556}") = "IpfsEngineTests", "test\IpfsEngineTests.csproj", "{B459FBC7-4A28-4170-AD83-7348A403407F}"
EndProject
Project("{9A19103F-16F7-4668-BE54-9A1E7A4F7556}") = "IpfsCli", "IpfsCli\IpfsCli.csproj", "{ED6D22AF-BF96-4413-8DD7-1528EED80CAC}"
EndProject
Project("{9A19103F-16F7-4668-BE54-9A1E7A4F7556}") = "IpfsServer", "IpfsServer\IpfsServer.csproj", "{F2907B2C-CFFF-4E05-8E2C-A067FEC17F77}"
EndProject
Project("{9A19103F-16F7-4668-BE54-9A1E7A4F7556}") = "spike", "spike\spike.csproj", "{9E0AA5E6-E4F3-4310-8B45-5244BD8AE64D}"
EndProject
Project("{2150E333-8FDC-42A3-9474-1A3956D46DE8}") = "ext", "ext", "{A7FFB67D-78BD-B692-0A70-32071179BAD1}"
EndProject
Project("{2150E333-8FDC-42A3-9474-1A3956D46DE8}") = "net-dns", "net-dns", "{781AC8B6-6D10-F7BE-24D5-665A648A1A76}"
EndProject
Project("{2150E333-8FDC-42A3-9474-1A3956D46DE8}") = "src", "src", "{665484D4-51E6-336B-9E11-D64C173E5691}"
EndProject
Project("{FAE04EC0-301F-11D3-BF4B-00C04F79EFBC}") = "Dns", "ext\net-dns\src\Dns.csproj", "{C8964618-E109-4C9F-AEA2-E82A42A252F7}"
EndProject
Project("{2150E333-8FDC-42A3-9474-1A3956D46DE8}") = "net-mdns", "net-mdns", "{4BC0C7CD-2D41-A9B4-7A1D-05AFA649AEBF}"
EndProject
Project("{2150E333-8FDC-42A3-9474-1A3956D46DE8}") = "src", "src", "{EF08FD55-3C47-7B93-2320-E525173A6FC5}"
EndProject
Project("{FAE04EC0-301F-11D3-BF4B-00C04F79EFBC}") = "Mdns", "ext\net-mdns\src\Mdns.csproj", "{CE1A024D-B5EF-4172-92DB-2BA9D6E26E8D}"
EndProject
Project("{2150E333-8FDC-42A3-9474-1A3956D46DE8}") = "ipfs-net-udns", "ipfs-net-udns", "{15A9665A-E4D8-A87C-2B6C-FA2F451BBCB0}"
EndProject
Project("{2150E333-8FDC-42A3-9474-1A3956D46DE8}") = "src", "src", "{08A6AC93-AC93-6EC6-4B80-EC052F921849}"
EndProject
Project("{FAE04EC0-301F-11D3-BF4B-00C04F79EFBC}") = "Udns", "ext\ipfs-net-udns\src\Udns.csproj", "{DE01092E-5BD2-4E24-B6E5-D81D8DBBA2AD}"
EndProject
Project("{2150E333-8FDC-42A3-9474-1A3956D46DE8}") = "ipfs-k-bucket", "ipfs-k-bucket", "{7496FF86-A9D4-AF18-B771-6BAE46EAEA89}"
EndProject
Project("{2150E333-8FDC-42A3-9474-1A3956D46DE8}") = "src", "src", "{B779F8D6-D3DE-8B13-0866-8E58E6E93FE5}"
EndProject
Project("{FAE04EC0-301F-11D3-BF4B-00C04F79EFBC}") = "KBucket", "ext\ipfs-k-bucket\src\KBucket.csproj", "{0E0CABC6-A6A4-45D6-9275-FA9AAED597EA}"
EndProject
Project("{2150E333-8FDC-42A3-9474-1A3956D46DE8}") = "peer-talk", "peer-talk", "{3FF3DAA3-1670-36A4-4B94-95BBA07626F9}"
EndProject
Project("{2150E333-8FDC-42A3-9474-1A3956D46DE8}") = "src", "src", "{5F321D73-924F-2958-3545-4ABD66CC373C}"
EndProject
Project("{FAE04EC0-301F-11D3-BF4B-00C04F79EFBC}") = "PeerTalk", "ext\peer-talk\src\PeerTalk.csproj", "{662E4D36-E9AF-457D-A213-2764995576C9}"
EndProject
Project("{2150E333-8FDC-42A3-9474-1A3956D46DE8}") = "net-ipfs-core", "net-ipfs-core", "{F0E92AE8-DF22-66AC-162B-D9848DFB56D6}"
EndProject
Project("{2150E333-8FDC-42A3-9474-1A3956D46DE8}") = "src", "src", "{DABBF6A5-C00A-C113-F815-8918B3B65C2A}"
EndProject
Project("{FAE04EC0-301F-11D3-BF4B-00C04F79EFBC}") = "IpfsCore", "ext\net-ipfs-core\src\IpfsCore.csproj", "{0EDD3B12-94BF-4102-A81E-172EA73DA0D1}"
EndProject
Global
	GlobalSection(SolutionConfigurationPlatforms) = preSolution
		Debug|Any CPU = Debug|Any CPU
		Debug|x64 = Debug|x64
		Debug|x86 = Debug|x86
		Release|Any CPU = Release|Any CPU
		Release|x64 = Release|x64
		Release|x86 = Release|x86
	EndGlobalSection
	GlobalSection(ProjectConfigurationPlatforms) = postSolution
		{F3A32EA9-0B2F-46A3-B47A-33B4C04BD423}.Debug|Any CPU.ActiveCfg = Debug|Any CPU
		{F3A32EA9-0B2F-46A3-B47A-33B4C04BD423}.Debug|x64.ActiveCfg = Debug|Any CPU
		{F3A32EA9-0B2F-46A3-B47A-33B4C04BD423}.Debug|x64.Build.0 = Debug|Any CPU
		{F3A32EA9-0B2F-46A3-B47A-33B4C04BD423}.Debug|x86.ActiveCfg = Debug|Any CPU
		{F3A32EA9-0B2F-46A3-B47A-33B4C04BD423}.Debug|x86.Build.0 = Debug|Any CPU
		{F3A32EA9-0B2F-46A3-B47A-33B4C04BD423}.Release|Any CPU.ActiveCfg = Release|Any CPU
		{F3A32EA9-0B2F-46A3-B47A-33B4C04BD423}.Release|x64.ActiveCfg = Release|Any CPU
		{F3A32EA9-0B2F-46A3-B47A-33B4C04BD423}.Release|x64.Build.0 = Release|Any CPU
		{F3A32EA9-0B2F-46A3-B47A-33B4C04BD423}.Release|x86.ActiveCfg = Release|Any CPU
		{F3A32EA9-0B2F-46A3-B47A-33B4C04BD423}.Release|x86.Build.0 = Release|Any CPU
		{F3C81C57-C283-4E07-B765-DEABCFB22136}.Debug|Any CPU.ActiveCfg = Debug|Any CPU
		{F3C81C57-C283-4E07-B765-DEABCFB22136}.Debug|Any CPU.Build.0 = Debug|Any CPU
		{F3C81C57-C283-4E07-B765-DEABCFB22136}.Debug|x64.ActiveCfg = Debug|Any CPU
		{F3C81C57-C283-4E07-B765-DEABCFB22136}.Debug|x64.Build.0 = Debug|Any CPU
		{F3C81C57-C283-4E07-B765-DEABCFB22136}.Debug|x86.ActiveCfg = Debug|Any CPU
		{F3C81C57-C283-4E07-B765-DEABCFB22136}.Debug|x86.Build.0 = Debug|Any CPU
		{F3C81C57-C283-4E07-B765-DEABCFB22136}.Release|Any CPU.ActiveCfg = Release|Any CPU
		{F3C81C57-C283-4E07-B765-DEABCFB22136}.Release|Any CPU.Build.0 = Release|Any CPU
		{F3C81C57-C283-4E07-B765-DEABCFB22136}.Release|x64.ActiveCfg = Release|Any CPU
		{F3C81C57-C283-4E07-B765-DEABCFB22136}.Release|x64.Build.0 = Release|Any CPU
		{F3C81C57-C283-4E07-B765-DEABCFB22136}.Release|x86.ActiveCfg = Release|Any CPU
		{F3C81C57-C283-4E07-B765-DEABCFB22136}.Release|x86.Build.0 = Release|Any CPU
		{B459FBC7-4A28-4170-AD83-7348A403407F}.Debug|Any CPU.ActiveCfg = Debug|Any CPU
		{B459FBC7-4A28-4170-AD83-7348A403407F}.Debug|Any CPU.Build.0 = Debug|Any CPU
		{B459FBC7-4A28-4170-AD83-7348A403407F}.Debug|x64.ActiveCfg = Debug|Any CPU
		{B459FBC7-4A28-4170-AD83-7348A403407F}.Debug|x64.Build.0 = Debug|Any CPU
		{B459FBC7-4A28-4170-AD83-7348A403407F}.Debug|x86.ActiveCfg = Debug|Any CPU
		{B459FBC7-4A28-4170-AD83-7348A403407F}.Debug|x86.Build.0 = Debug|Any CPU
		{B459FBC7-4A28-4170-AD83-7348A403407F}.Release|Any CPU.ActiveCfg = Release|Any CPU
		{B459FBC7-4A28-4170-AD83-7348A403407F}.Release|Any CPU.Build.0 = Release|Any CPU
		{B459FBC7-4A28-4170-AD83-7348A403407F}.Release|x64.ActiveCfg = Release|Any CPU
		{B459FBC7-4A28-4170-AD83-7348A403407F}.Release|x64.Build.0 = Release|Any CPU
		{B459FBC7-4A28-4170-AD83-7348A403407F}.Release|x86.ActiveCfg = Release|Any CPU
		{B459FBC7-4A28-4170-AD83-7348A403407F}.Release|x86.Build.0 = Release|Any CPU
		{ED6D22AF-BF96-4413-8DD7-1528EED80CAC}.Debug|Any CPU.ActiveCfg = Debug|Any CPU
		{ED6D22AF-BF96-4413-8DD7-1528EED80CAC}.Debug|Any CPU.Build.0 = Debug|Any CPU
		{ED6D22AF-BF96-4413-8DD7-1528EED80CAC}.Debug|x64.ActiveCfg = Debug|Any CPU
		{ED6D22AF-BF96-4413-8DD7-1528EED80CAC}.Debug|x64.Build.0 = Debug|Any CPU
		{ED6D22AF-BF96-4413-8DD7-1528EED80CAC}.Debug|x86.ActiveCfg = Debug|Any CPU
		{ED6D22AF-BF96-4413-8DD7-1528EED80CAC}.Debug|x86.Build.0 = Debug|Any CPU
		{ED6D22AF-BF96-4413-8DD7-1528EED80CAC}.Release|Any CPU.ActiveCfg = Release|Any CPU
		{ED6D22AF-BF96-4413-8DD7-1528EED80CAC}.Release|Any CPU.Build.0 = Release|Any CPU
		{ED6D22AF-BF96-4413-8DD7-1528EED80CAC}.Release|x64.ActiveCfg = Release|Any CPU
		{ED6D22AF-BF96-4413-8DD7-1528EED80CAC}.Release|x64.Build.0 = Release|Any CPU
		{ED6D22AF-BF96-4413-8DD7-1528EED80CAC}.Release|x86.ActiveCfg = Release|Any CPU
		{ED6D22AF-BF96-4413-8DD7-1528EED80CAC}.Release|x86.Build.0 = Release|Any CPU
		{F2907B2C-CFFF-4E05-8E2C-A067FEC17F77}.Debug|Any CPU.ActiveCfg = Debug|Any CPU
		{F2907B2C-CFFF-4E05-8E2C-A067FEC17F77}.Debug|Any CPU.Build.0 = Debug|Any CPU
		{F2907B2C-CFFF-4E05-8E2C-A067FEC17F77}.Debug|x64.ActiveCfg = Debug|Any CPU
		{F2907B2C-CFFF-4E05-8E2C-A067FEC17F77}.Debug|x64.Build.0 = Debug|Any CPU
		{F2907B2C-CFFF-4E05-8E2C-A067FEC17F77}.Debug|x86.ActiveCfg = Debug|Any CPU
		{F2907B2C-CFFF-4E05-8E2C-A067FEC17F77}.Debug|x86.Build.0 = Debug|Any CPU
		{F2907B2C-CFFF-4E05-8E2C-A067FEC17F77}.Release|Any CPU.ActiveCfg = Release|Any CPU
		{F2907B2C-CFFF-4E05-8E2C-A067FEC17F77}.Release|Any CPU.Build.0 = Release|Any CPU
		{F2907B2C-CFFF-4E05-8E2C-A067FEC17F77}.Release|x64.ActiveCfg = Release|Any CPU
		{F2907B2C-CFFF-4E05-8E2C-A067FEC17F77}.Release|x64.Build.0 = Release|Any CPU
		{F2907B2C-CFFF-4E05-8E2C-A067FEC17F77}.Release|x86.ActiveCfg = Release|Any CPU
		{F2907B2C-CFFF-4E05-8E2C-A067FEC17F77}.Release|x86.Build.0 = Release|Any CPU
		{9E0AA5E6-E4F3-4310-8B45-5244BD8AE64D}.Debug|Any CPU.ActiveCfg = Debug|Any CPU
		{9E0AA5E6-E4F3-4310-8B45-5244BD8AE64D}.Debug|Any CPU.Build.0 = Debug|Any CPU
		{9E0AA5E6-E4F3-4310-8B45-5244BD8AE64D}.Debug|x64.ActiveCfg = Debug|Any CPU
		{9E0AA5E6-E4F3-4310-8B45-5244BD8AE64D}.Debug|x64.Build.0 = Debug|Any CPU
		{9E0AA5E6-E4F3-4310-8B45-5244BD8AE64D}.Debug|x86.ActiveCfg = Debug|Any CPU
		{9E0AA5E6-E4F3-4310-8B45-5244BD8AE64D}.Debug|x86.Build.0 = Debug|Any CPU
		{9E0AA5E6-E4F3-4310-8B45-5244BD8AE64D}.Release|Any CPU.ActiveCfg = Release|Any CPU
		{9E0AA5E6-E4F3-4310-8B45-5244BD8AE64D}.Release|Any CPU.Build.0 = Release|Any CPU
		{9E0AA5E6-E4F3-4310-8B45-5244BD8AE64D}.Release|x64.ActiveCfg = Release|Any CPU
		{9E0AA5E6-E4F3-4310-8B45-5244BD8AE64D}.Release|x64.Build.0 = Release|Any CPU
		{9E0AA5E6-E4F3-4310-8B45-5244BD8AE64D}.Release|x86.ActiveCfg = Release|Any CPU
		{9E0AA5E6-E4F3-4310-8B45-5244BD8AE64D}.Release|x86.Build.0 = Release|Any CPU
		{C8964618-E109-4C9F-AEA2-E82A42A252F7}.Debug|Any CPU.ActiveCfg = Debug|Any CPU
		{C8964618-E109-4C9F-AEA2-E82A42A252F7}.Debug|Any CPU.Build.0 = Debug|Any CPU
		{C8964618-E109-4C9F-AEA2-E82A42A252F7}.Debug|x64.ActiveCfg = Debug|Any CPU
		{C8964618-E109-4C9F-AEA2-E82A42A252F7}.Debug|x64.Build.0 = Debug|Any CPU
		{C8964618-E109-4C9F-AEA2-E82A42A252F7}.Debug|x86.ActiveCfg = Debug|Any CPU
		{C8964618-E109-4C9F-AEA2-E82A42A252F7}.Debug|x86.Build.0 = Debug|Any CPU
		{C8964618-E109-4C9F-AEA2-E82A42A252F7}.Release|Any CPU.ActiveCfg = Release|Any CPU
		{C8964618-E109-4C9F-AEA2-E82A42A252F7}.Release|Any CPU.Build.0 = Release|Any CPU
		{C8964618-E109-4C9F-AEA2-E82A42A252F7}.Release|x64.ActiveCfg = Release|Any CPU
		{C8964618-E109-4C9F-AEA2-E82A42A252F7}.Release|x64.Build.0 = Release|Any CPU
		{C8964618-E109-4C9F-AEA2-E82A42A252F7}.Release|x86.ActiveCfg = Release|Any CPU
		{C8964618-E109-4C9F-AEA2-E82A42A252F7}.Release|x86.Build.0 = Release|Any CPU
		{CE1A024D-B5EF-4172-92DB-2BA9D6E26E8D}.Debug|Any CPU.ActiveCfg = Debug|Any CPU
		{CE1A024D-B5EF-4172-92DB-2BA9D6E26E8D}.Debug|Any CPU.Build.0 = Debug|Any CPU
		{CE1A024D-B5EF-4172-92DB-2BA9D6E26E8D}.Debug|x64.ActiveCfg = Debug|Any CPU
		{CE1A024D-B5EF-4172-92DB-2BA9D6E26E8D}.Debug|x64.Build.0 = Debug|Any CPU
		{CE1A024D-B5EF-4172-92DB-2BA9D6E26E8D}.Debug|x86.ActiveCfg = Debug|Any CPU
		{CE1A024D-B5EF-4172-92DB-2BA9D6E26E8D}.Debug|x86.Build.0 = Debug|Any CPU
		{CE1A024D-B5EF-4172-92DB-2BA9D6E26E8D}.Release|Any CPU.ActiveCfg = Release|Any CPU
		{CE1A024D-B5EF-4172-92DB-2BA9D6E26E8D}.Release|Any CPU.Build.0 = Release|Any CPU
		{CE1A024D-B5EF-4172-92DB-2BA9D6E26E8D}.Release|x64.ActiveCfg = Release|Any CPU
		{CE1A024D-B5EF-4172-92DB-2BA9D6E26E8D}.Release|x64.Build.0 = Release|Any CPU
		{CE1A024D-B5EF-4172-92DB-2BA9D6E26E8D}.Release|x86.ActiveCfg = Release|Any CPU
		{CE1A024D-B5EF-4172-92DB-2BA9D6E26E8D}.Release|x86.Build.0 = Release|Any CPU
		{DE01092E-5BD2-4E24-B6E5-D81D8DBBA2AD}.Debug|Any CPU.ActiveCfg = Debug|Any CPU
		{DE01092E-5BD2-4E24-B6E5-D81D8DBBA2AD}.Debug|Any CPU.Build.0 = Debug|Any CPU
		{DE01092E-5BD2-4E24-B6E5-D81D8DBBA2AD}.Debug|x64.ActiveCfg = Debug|Any CPU
		{DE01092E-5BD2-4E24-B6E5-D81D8DBBA2AD}.Debug|x64.Build.0 = Debug|Any CPU
		{DE01092E-5BD2-4E24-B6E5-D81D8DBBA2AD}.Debug|x86.ActiveCfg = Debug|Any CPU
		{DE01092E-5BD2-4E24-B6E5-D81D8DBBA2AD}.Debug|x86.Build.0 = Debug|Any CPU
		{DE01092E-5BD2-4E24-B6E5-D81D8DBBA2AD}.Release|Any CPU.ActiveCfg = Release|Any CPU
		{DE01092E-5BD2-4E24-B6E5-D81D8DBBA2AD}.Release|Any CPU.Build.0 = Release|Any CPU
		{DE01092E-5BD2-4E24-B6E5-D81D8DBBA2AD}.Release|x64.ActiveCfg = Release|Any CPU
		{DE01092E-5BD2-4E24-B6E5-D81D8DBBA2AD}.Release|x64.Build.0 = Release|Any CPU
		{DE01092E-5BD2-4E24-B6E5-D81D8DBBA2AD}.Release|x86.ActiveCfg = Release|Any CPU
		{DE01092E-5BD2-4E24-B6E5-D81D8DBBA2AD}.Release|x86.Build.0 = Release|Any CPU
		{0E0CABC6-A6A4-45D6-9275-FA9AAED597EA}.Debug|Any CPU.ActiveCfg = Debug|Any CPU
		{0E0CABC6-A6A4-45D6-9275-FA9AAED597EA}.Debug|Any CPU.Build.0 = Debug|Any CPU
		{0E0CABC6-A6A4-45D6-9275-FA9AAED597EA}.Debug|x64.ActiveCfg = Debug|Any CPU
		{0E0CABC6-A6A4-45D6-9275-FA9AAED597EA}.Debug|x64.Build.0 = Debug|Any CPU
		{0E0CABC6-A6A4-45D6-9275-FA9AAED597EA}.Debug|x86.ActiveCfg = Debug|Any CPU
		{0E0CABC6-A6A4-45D6-9275-FA9AAED597EA}.Debug|x86.Build.0 = Debug|Any CPU
		{0E0CABC6-A6A4-45D6-9275-FA9AAED597EA}.Release|Any CPU.ActiveCfg = Release|Any CPU
		{0E0CABC6-A6A4-45D6-9275-FA9AAED597EA}.Release|Any CPU.Build.0 = Release|Any CPU
		{0E0CABC6-A6A4-45D6-9275-FA9AAED597EA}.Release|x64.ActiveCfg = Release|Any CPU
		{0E0CABC6-A6A4-45D6-9275-FA9AAED597EA}.Release|x64.Build.0 = Release|Any CPU
		{0E0CABC6-A6A4-45D6-9275-FA9AAED597EA}.Release|x86.ActiveCfg = Release|Any CPU
		{0E0CABC6-A6A4-45D6-9275-FA9AAED597EA}.Release|x86.Build.0 = Release|Any CPU
		{662E4D36-E9AF-457D-A213-2764995576C9}.Debug|Any CPU.ActiveCfg = Debug|Any CPU
		{662E4D36-E9AF-457D-A213-2764995576C9}.Debug|Any CPU.Build.0 = Debug|Any CPU
		{662E4D36-E9AF-457D-A213-2764995576C9}.Debug|x64.ActiveCfg = Debug|Any CPU
		{662E4D36-E9AF-457D-A213-2764995576C9}.Debug|x64.Build.0 = Debug|Any CPU
		{662E4D36-E9AF-457D-A213-2764995576C9}.Debug|x86.ActiveCfg = Debug|Any CPU
		{662E4D36-E9AF-457D-A213-2764995576C9}.Debug|x86.Build.0 = Debug|Any CPU
		{662E4D36-E9AF-457D-A213-2764995576C9}.Release|Any CPU.ActiveCfg = Release|Any CPU
		{662E4D36-E9AF-457D-A213-2764995576C9}.Release|Any CPU.Build.0 = Release|Any CPU
		{662E4D36-E9AF-457D-A213-2764995576C9}.Release|x64.ActiveCfg = Release|Any CPU
		{662E4D36-E9AF-457D-A213-2764995576C9}.Release|x64.Build.0 = Release|Any CPU
		{662E4D36-E9AF-457D-A213-2764995576C9}.Release|x86.ActiveCfg = Release|Any CPU
		{662E4D36-E9AF-457D-A213-2764995576C9}.Release|x86.Build.0 = Release|Any CPU
		{0EDD3B12-94BF-4102-A81E-172EA73DA0D1}.Debug|Any CPU.ActiveCfg = Debug|Any CPU
		{0EDD3B12-94BF-4102-A81E-172EA73DA0D1}.Debug|Any CPU.Build.0 = Debug|Any CPU
		{0EDD3B12-94BF-4102-A81E-172EA73DA0D1}.Debug|x64.ActiveCfg = Debug|Any CPU
		{0EDD3B12-94BF-4102-A81E-172EA73DA0D1}.Debug|x64.Build.0 = Debug|Any CPU
		{0EDD3B12-94BF-4102-A81E-172EA73DA0D1}.Debug|x86.ActiveCfg = Debug|Any CPU
		{0EDD3B12-94BF-4102-A81E-172EA73DA0D1}.Debug|x86.Build.0 = Debug|Any CPU
		{0EDD3B12-94BF-4102-A81E-172EA73DA0D1}.Release|Any CPU.ActiveCfg = Release|Any CPU
		{0EDD3B12-94BF-4102-A81E-172EA73DA0D1}.Release|Any CPU.Build.0 = Release|Any CPU
		{0EDD3B12-94BF-4102-A81E-172EA73DA0D1}.Release|x64.ActiveCfg = Release|Any CPU
		{0EDD3B12-94BF-4102-A81E-172EA73DA0D1}.Release|x64.Build.0 = Release|Any CPU
		{0EDD3B12-94BF-4102-A81E-172EA73DA0D1}.Release|x86.ActiveCfg = Release|Any CPU
		{0EDD3B12-94BF-4102-A81E-172EA73DA0D1}.Release|x86.Build.0 = Release|Any CPU
	EndGlobalSection
	GlobalSection(SolutionProperties) = preSolution
		HideSolutionNode = FALSE
	EndGlobalSection
	GlobalSection(NestedProjects) = preSolution
		{781AC8B6-6D10-F7BE-24D5-665A648A1A76} = {A7FFB67D-78BD-B692-0A70-32071179BAD1}
		{665484D4-51E6-336B-9E11-D64C173E5691} = {781AC8B6-6D10-F7BE-24D5-665A648A1A76}
		{C8964618-E109-4C9F-AEA2-E82A42A252F7} = {665484D4-51E6-336B-9E11-D64C173E5691}
		{4BC0C7CD-2D41-A9B4-7A1D-05AFA649AEBF} = {A7FFB67D-78BD-B692-0A70-32071179BAD1}
		{EF08FD55-3C47-7B93-2320-E525173A6FC5} = {4BC0C7CD-2D41-A9B4-7A1D-05AFA649AEBF}
		{CE1A024D-B5EF-4172-92DB-2BA9D6E26E8D} = {EF08FD55-3C47-7B93-2320-E525173A6FC5}
		{15A9665A-E4D8-A87C-2B6C-FA2F451BBCB0} = {A7FFB67D-78BD-B692-0A70-32071179BAD1}
		{08A6AC93-AC93-6EC6-4B80-EC052F921849} = {15A9665A-E4D8-A87C-2B6C-FA2F451BBCB0}
		{DE01092E-5BD2-4E24-B6E5-D81D8DBBA2AD} = {08A6AC93-AC93-6EC6-4B80-EC052F921849}
		{7496FF86-A9D4-AF18-B771-6BAE46EAEA89} = {A7FFB67D-78BD-B692-0A70-32071179BAD1}
		{B779F8D6-D3DE-8B13-0866-8E58E6E93FE5} = {7496FF86-A9D4-AF18-B771-6BAE46EAEA89}
		{0E0CABC6-A6A4-45D6-9275-FA9AAED597EA} = {B779F8D6-D3DE-8B13-0866-8E58E6E93FE5}
		{3FF3DAA3-1670-36A4-4B94-95BBA07626F9} = {A7FFB67D-78BD-B692-0A70-32071179BAD1}
		{5F321D73-924F-2958-3545-4ABD66CC373C} = {3FF3DAA3-1670-36A4-4B94-95BBA07626F9}
		{662E4D36-E9AF-457D-A213-2764995576C9} = {5F321D73-924F-2958-3545-4ABD66CC373C}
		{F0E92AE8-DF22-66AC-162B-D9848DFB56D6} = {A7FFB67D-78BD-B692-0A70-32071179BAD1}
		{DABBF6A5-C00A-C113-F815-8918B3B65C2A} = {F0E92AE8-DF22-66AC-162B-D9848DFB56D6}
		{0EDD3B12-94BF-4102-A81E-172EA73DA0D1} = {DABBF6A5-C00A-C113-F815-8918B3B65C2A}
	EndGlobalSection
	GlobalSection(ExtensibilityGlobals) = postSolution
		SolutionGuid = {36ED5AA7-8F41-4F7D-A665-230635EF64A1}
	EndGlobalSection
EndGlobal
